
Microsoft Visual Studio Solution File, Format Version 12.00
# Visual Studio Version 17
VisualStudioVersion = 17.3.32901.215
MinimumVisualStudioVersion = 10.0.40219.1
Project("{FAE04EC0-301F-11D3-BF4B-00C04F79EFBC}") = "WpfAppTFG", "WpfAppTFG\WpfAppTFG.csproj", "{74799B4A-AD90-4839-B0CA-5A363C06489F}"
EndProject
Project("{7CF6DF6D-3B04-46F8-A40B-537D21BCA0B4}") = "Documentation", "Documentation\Documentation.shfbproj", "{D00F2414-A619-41AF-AB2E-90B1D22431E1}"
EndProject
Global
	GlobalSection(SolutionConfigurationPlatforms) = preSolution
		Debug|Any CPU = Debug|Any CPU
		Release|Any CPU = Release|Any CPU
	EndGlobalSection
	GlobalSection(ProjectConfigurationPlatforms) = postSolution
		{74799B4A-AD90-4839-B0CA-5A363C06489F}.Debug|Any CPU.ActiveCfg = Debug|Any CPU
		{74799B4A-AD90-4839-B0CA-5A363C06489F}.Debug|Any CPU.Build.0 = Debug|Any CPU
		{74799B4A-AD90-4839-B0CA-5A363C06489F}.Release|Any CPU.ActiveCfg = Release|Any CPU
		{74799B4A-AD90-4839-B0CA-5A363C06489F}.Release|Any CPU.Build.0 = Release|Any CPU
		{D00F2414-A619-41AF-AB2E-90B1D22431E1}.Debug|Any CPU.ActiveCfg = Debug|Any CPU
		{D00F2414-A619-41AF-AB2E-90B1D22431E1}.Debug|Any CPU.Build.0 = Debug|Any CPU
		{D00F2414-A619-41AF-AB2E-90B1D22431E1}.Release|Any CPU.ActiveCfg = Release|Any CPU
		{D00F2414-A619-41AF-AB2E-90B1D22431E1}.Release|Any CPU.Build.0 = Release|Any CPU
	EndGlobalSection
	GlobalSection(SolutionProperties) = preSolution
		HideSolutionNode = FALSE
	EndGlobalSection
	GlobalSection(ExtensibilityGlobals) = postSolution
		SolutionGuid = {6BEAA9D0-8FA9-4D2A-88E7-1DC04B600501}
	EndGlobalSection
EndGlobal
